// !$*UTF8*$!
{
	archiveVersion = 1;
	classes = {
	};
	objectVersion = 77;
	objects = {

/* Begin PBXBuildFile section */
		AADAF4A72CAC9DF8009B6744 /* MyProductLib.framework in Frameworks */ = {isa = PBXBuildFile; fileRef = AADAF4A12CAC9DF8009B6744 /* MyProductLib.framework */; };
		AADAF4A82CAC9DF8009B6744 /* MyProductLib.framework in Embed Frameworks */ = {isa = PBXBuildFile; fileRef = AADAF4A12CAC9DF8009B6744 /* MyProductLib.framework */; settings = {ATTRIBUTES = (CodeSignOnCopy, RemoveHeadersOnCopy, ); }; };
		AAEB56F92CADFB910095E5FA /* MyProductCKLib.framework in Frameworks */ = {isa = PBXBuildFile; fileRef = AAEB56E72CADF9880095E5FA /* MyProductCKLib.framework */; };
		AAEB56FA2CADFB910095E5FA /* MyProductCKLib.framework in Embed Frameworks */ = {isa = PBXBuildFile; fileRef = AAEB56E72CADF9880095E5FA /* MyProductCKLib.framework */; settings = {ATTRIBUTES = (CodeSignOnCopy, RemoveHeadersOnCopy, ); }; };
/* End PBXBuildFile section */

/* Begin PBXContainerItemProxy section */
		AADAF4A52CAC9DF8009B6744 /* PBXContainerItemProxy */ = {
			isa = PBXContainerItemProxy;
			containerPortal = AA3A134F2CAC5A0100CF2744 /* Project object */;
			proxyType = 1;
			remoteGlobalIDString = AADAF4A02CAC9DF8009B6744;
			remoteInfo = MyProductLib;
		};
		AAEB56FB2CADFB910095E5FA /* PBXContainerItemProxy */ = {
			isa = PBXContainerItemProxy;
			containerPortal = AA3A134F2CAC5A0100CF2744 /* Project object */;
			proxyType = 1;
			remoteGlobalIDString = AAEB56E62CADF9880095E5FA;
			remoteInfo = MyProductCKLib;
		};
/* End PBXContainerItemProxy section */

/* Begin PBXCopyFilesBuildPhase section */
		AA3A40852CAC85F900CF2744 /* Embed Frameworks */ = {
			isa = PBXCopyFilesBuildPhase;
			buildActionMask = 2147483647;
			dstPath = "";
			dstSubfolderSpec = 10;
			files = (
				AADAF4A82CAC9DF8009B6744 /* MyProductLib.framework in Embed Frameworks */,
			);
			name = "Embed Frameworks";
			runOnlyForDeploymentPostprocessing = 0;
		};
		AAEB56FD2CADFB910095E5FA /* Embed Frameworks */ = {
			isa = PBXCopyFilesBuildPhase;
			buildActionMask = 2147483647;
			dstPath = "";
			dstSubfolderSpec = 10;
			files = (
				AAEB56FA2CADFB910095E5FA /* MyProductCKLib.framework in Embed Frameworks */,
			);
			name = "Embed Frameworks";
			runOnlyForDeploymentPostprocessing = 0;
		};
/* End PBXCopyFilesBuildPhase section */

/* Begin PBXFileReference section */
		AA3A13572CAC5A0100CF2744 /* MyProduct.app */ = {isa = PBXFileReference; explicitFileType = wrapper.application; includeInIndex = 0; path = MyProduct.app; sourceTree = BUILT_PRODUCTS_DIR; };
		AA3A13792CAC5E6800CF2744 /* README.md */ = {isa = PBXFileReference; lastKnownFileType = net.daringfireball.markdown; path = README.md; sourceTree = "<group>"; };
		AADAF4A12CAC9DF8009B6744 /* MyProductLib.framework */ = {isa = PBXFileReference; explicitFileType = wrapper.framework; includeInIndex = 0; path = MyProductLib.framework; sourceTree = BUILT_PRODUCTS_DIR; };
		AAEB56D32CADF95F0095E5FA /* MyProductCK.app */ = {isa = PBXFileReference; explicitFileType = wrapper.application; includeInIndex = 0; path = MyProductCK.app; sourceTree = BUILT_PRODUCTS_DIR; };
		AAEB56E72CADF9880095E5FA /* MyProductCKLib.framework */ = {isa = PBXFileReference; explicitFileType = wrapper.framework; includeInIndex = 0; path = MyProductCKLib.framework; sourceTree = BUILT_PRODUCTS_DIR; };
/* End PBXFileReference section */

/* Begin PBXFileSystemSynchronizedBuildFileExceptionSet section */
		AA1CA58D2CADFE8E004AF3C0 /* Exceptions for "MyProductCKNS" folder in "MyProduct" target */ = {
			isa = PBXFileSystemSynchronizedBuildFileExceptionSet;
			membershipExceptions = (
				.build,
				index.js,
				node_modules,
				"package-lock.json",
				package.json,
				Package.resolved,
				Package.swift,
				"post-build-lib.sh",
				Sources/MyModelExports.swift,
			);
			target = AA3A13562CAC5A0100CF2744 /* MyProduct */;
		};
		AA1CA59A2CAE04E6004AF3C0 /* Exceptions for "MyProductNS" folder in "MyProduct" target */ = {
			isa = PBXFileSystemSynchronizedBuildFileExceptionSet;
			membershipExceptions = (
				.build,
				.swiftpm/xcode/package.xcworkspace,
				.swiftpm/xcode/xcuserdata/steve.xcuserdatad/xcschemes/xcschememanagement.plist,
				index.js,
				node_modules,
				"package-lock.json",
				package.json,
				Package.resolved,
				Package.swift,
				"post-build-lib.sh",
				Sources/MyModelExports.swift,
			);
			target = AA3A13562CAC5A0100CF2744 /* MyProduct */;
		};
		AADAF4AB2CAC9DF8009B6744 /* Exceptions for "MyProductLib" folder in "MyProductLib" target */ = {
			isa = PBXFileSystemSynchronizedBuildFileExceptionSet;
			membershipExceptions = (
				.swiftpm/xcode/package.xcworkspace,
				.swiftpm/xcode/xcuserdata/steve.xcuserdatad/xcschemes/xcschememanagement.plist,
				Package.swift,
			);
			publicHeaders = (
				MyProductLib.h,
			);
			target = AADAF4A02CAC9DF8009B6744 /* MyProductLib */;
		};
		AAEB56F22CADF9880095E5FA /* Exceptions for "MyProductCKLib" folder in "MyProductCKLib" target */ = {
			isa = PBXFileSystemSynchronizedBuildFileExceptionSet;
			membershipExceptions = (
				.swiftpm/xcode/package.xcworkspace,
				.swiftpm/xcode/xcuserdata/steve.xcuserdatad/xcschemes/xcschememanagement.plist,
				Package.swift,
			);
			publicHeaders = (
				MyProductCKLib.h,
			);
			target = AAEB56E62CADF9880095E5FA /* MyProductCKLib */;
		};
/* End PBXFileSystemSynchronizedBuildFileExceptionSet section */

/* Begin PBXFileSystemSynchronizedRootGroup section */
		AA1CA5772CADFE21004AF3C0 /* MyProductCKNS */ = {
			isa = PBXFileSystemSynchronizedRootGroup;
			exceptions = (
				AA1CA58D2CADFE8E004AF3C0 /* Exceptions for "MyProductCKNS" folder in "MyProduct" target */,
			);
			explicitFolders = (
				.build,
				node_modules,
			);
			path = MyProductCKNS;
			sourceTree = "<group>";
		};
		AA3A13592CAC5A0100CF2744 /* MyProduct */ = {
			isa = PBXFileSystemSynchronizedRootGroup;
			path = MyProduct;
			sourceTree = "<group>";
		};
		AADA929A2CADA460009B6744 /* MyProductNS */ = {
			isa = PBXFileSystemSynchronizedRootGroup;
			exceptions = (
				AA1CA59A2CAE04E6004AF3C0 /* Exceptions for "MyProductNS" folder in "MyProduct" target */,
			);
			explicitFolders = (
				.build,
				node_modules,
			);
			path = MyProductNS;
			sourceTree = "<group>";
		};
		AADAF4A22CAC9DF8009B6744 /* MyProductLib */ = {
			isa = PBXFileSystemSynchronizedRootGroup;
			exceptions = (
				AADAF4AB2CAC9DF8009B6744 /* Exceptions for "MyProductLib" folder in "MyProductLib" target */,
			);
			path = MyProductLib;
			sourceTree = "<group>";
		};
		AAEB56D42CADF95F0095E5FA /* MyProductCK */ = {
			isa = PBXFileSystemSynchronizedRootGroup;
			path = MyProductCK;
			sourceTree = "<group>";
		};
		AAEB56E82CADF9880095E5FA /* MyProductCKLib */ = {
			isa = PBXFileSystemSynchronizedRootGroup;
			exceptions = (
				AAEB56F22CADF9880095E5FA /* Exceptions for "MyProductCKLib" folder in "MyProductCKLib" target */,
			);
			path = MyProductCKLib;
			sourceTree = "<group>";
		};
/* End PBXFileSystemSynchronizedRootGroup section */

/* Begin PBXFrameworksBuildPhase section */
		AA3A13542CAC5A0100CF2744 /* Frameworks */ = {
			isa = PBXFrameworksBuildPhase;
			buildActionMask = 2147483647;
			files = (
				AADAF4A72CAC9DF8009B6744 /* MyProductLib.framework in Frameworks */,
			);
			runOnlyForDeploymentPostprocessing = 0;
		};
		AADAF49E2CAC9DF8009B6744 /* Frameworks */ = {
			isa = PBXFrameworksBuildPhase;
			buildActionMask = 2147483647;
			files = (
			);
			runOnlyForDeploymentPostprocessing = 0;
		};
		AAEB56D02CADF95F0095E5FA /* Frameworks */ = {
			isa = PBXFrameworksBuildPhase;
			buildActionMask = 2147483647;
			files = (
				AAEB56F92CADFB910095E5FA /* MyProductCKLib.framework in Frameworks */,
			);
			runOnlyForDeploymentPostprocessing = 0;
		};
		AAEB56E42CADF9880095E5FA /* Frameworks */ = {
			isa = PBXFrameworksBuildPhase;
			buildActionMask = 2147483647;
			files = (
			);
			runOnlyForDeploymentPostprocessing = 0;
		};
/* End PBXFrameworksBuildPhase section */

/* Begin PBXGroup section */
		AA3A134E2CAC5A0100CF2744 = {
			isa = PBXGroup;
			children = (
				AA3A13792CAC5E6800CF2744 /* README.md */,
				AA3A13592CAC5A0100CF2744 /* MyProduct */,
				AADAF4A22CAC9DF8009B6744 /* MyProductLib */,
				AADA929A2CADA460009B6744 /* MyProductNS */,
				AAEB56D42CADF95F0095E5FA /* MyProductCK */,
				AAEB56E82CADF9880095E5FA /* MyProductCKLib */,
				AA1CA5772CADFE21004AF3C0 /* MyProductCKNS */,
				AADAF4832CAC9C29009B6744 /* Frameworks */,
				AA3A13582CAC5A0100CF2744 /* Products */,
			);
			sourceTree = "<group>";
		};
		AA3A13582CAC5A0100CF2744 /* Products */ = {
			isa = PBXGroup;
			children = (
				AA3A13572CAC5A0100CF2744 /* MyProduct.app */,
				AADAF4A12CAC9DF8009B6744 /* MyProductLib.framework */,
				AAEB56D32CADF95F0095E5FA /* MyProductCK.app */,
				AAEB56E72CADF9880095E5FA /* MyProductCKLib.framework */,
			);
			name = Products;
			sourceTree = "<group>";
		};
		AADAF4832CAC9C29009B6744 /* Frameworks */ = {
			isa = PBXGroup;
			children = (
			);
			name = Frameworks;
			sourceTree = "<group>";
		};
/* End PBXGroup section */

/* Begin PBXHeadersBuildPhase section */
		AADAF49C2CAC9DF8009B6744 /* Headers */ = {
			isa = PBXHeadersBuildPhase;
			buildActionMask = 2147483647;
			files = (
			);
			runOnlyForDeploymentPostprocessing = 0;
		};
		AAEB56E22CADF9880095E5FA /* Headers */ = {
			isa = PBXHeadersBuildPhase;
			buildActionMask = 2147483647;
			files = (
			);
			runOnlyForDeploymentPostprocessing = 0;
		};
/* End PBXHeadersBuildPhase section */

/* Begin PBXNativeTarget section */
		AA3A13562CAC5A0100CF2744 /* MyProduct */ = {
			isa = PBXNativeTarget;
			buildConfigurationList = AA3A13662CAC5A0300CF2744 /* Build configuration list for PBXNativeTarget "MyProduct" */;
			buildPhases = (
				AA3A13532CAC5A0100CF2744 /* Sources */,
				AA3A13542CAC5A0100CF2744 /* Frameworks */,
				AA3A13552CAC5A0100CF2744 /* Resources */,
				AA3A40852CAC85F900CF2744 /* Embed Frameworks */,
			);
			buildRules = (
			);
			dependencies = (
				AADAF4A62CAC9DF8009B6744 /* PBXTargetDependency */,
			);
			fileSystemSynchronizedGroups = (
				AA1CA5772CADFE21004AF3C0 /* MyProductCKNS */,
				AA3A13592CAC5A0100CF2744 /* MyProduct */,
				AADA929A2CADA460009B6744 /* MyProductNS */,
			);
			name = MyProduct;
			packageProductDependencies = (
			);
			productName = MyProduct;
			productReference = AA3A13572CAC5A0100CF2744 /* MyProduct.app */;
			productType = "com.apple.product-type.application";
		};
		AADAF4A02CAC9DF8009B6744 /* MyProductLib */ = {
			isa = PBXNativeTarget;
			buildConfigurationList = AADAF4AC2CAC9DF8009B6744 /* Build configuration list for PBXNativeTarget "MyProductLib" */;
			buildPhases = (
				AADAF49C2CAC9DF8009B6744 /* Headers */,
				AADAF49D2CAC9DF8009B6744 /* Sources */,
				AADAF49E2CAC9DF8009B6744 /* Frameworks */,
				AADAF49F2CAC9DF8009B6744 /* Resources */,
			);
			buildRules = (
			);
			dependencies = (
			);
			fileSystemSynchronizedGroups = (
				AADAF4A22CAC9DF8009B6744 /* MyProductLib */,
			);
			name = MyProductLib;
			packageProductDependencies = (
			);
			productName = MyProductLib;
			productReference = AADAF4A12CAC9DF8009B6744 /* MyProductLib.framework */;
			productType = "com.apple.product-type.framework";
		};
		AAEB56D22CADF95F0095E5FA /* MyProductCK */ = {
			isa = PBXNativeTarget;
			buildConfigurationList = AAEB56E12CADF9610095E5FA /* Build configuration list for PBXNativeTarget "MyProductCK" */;
			buildPhases = (
				AAEB56CF2CADF95F0095E5FA /* Sources */,
				AAEB56D02CADF95F0095E5FA /* Frameworks */,
				AAEB56D12CADF95F0095E5FA /* Resources */,
				AAEB56FD2CADFB910095E5FA /* Embed Frameworks */,
			);
			buildRules = (
			);
			dependencies = (
				AAEB56FC2CADFB910095E5FA /* PBXTargetDependency */,
			);
			fileSystemSynchronizedGroups = (
				AAEB56D42CADF95F0095E5FA /* MyProductCK */,
			);
			name = MyProductCK;
			packageProductDependencies = (
			);
			productName = MyProductCK;
			productReference = AAEB56D32CADF95F0095E5FA /* MyProductCK.app */;
			productType = "com.apple.product-type.application";
		};
		AAEB56E62CADF9880095E5FA /* MyProductCKLib */ = {
			isa = PBXNativeTarget;
			buildConfigurationList = AAEB56EF2CADF9880095E5FA /* Build configuration list for PBXNativeTarget "MyProductCKLib" */;
			buildPhases = (
				AAEB56E22CADF9880095E5FA /* Headers */,
				AAEB56E32CADF9880095E5FA /* Sources */,
				AAEB56E42CADF9880095E5FA /* Frameworks */,
				AAEB56E52CADF9880095E5FA /* Resources */,
			);
			buildRules = (
			);
			dependencies = (
			);
			fileSystemSynchronizedGroups = (
				AAEB56E82CADF9880095E5FA /* MyProductCKLib */,
			);
			name = MyProductCKLib;
			packageProductDependencies = (
			);
			productName = MyProductCKLib;
			productReference = AAEB56E72CADF9880095E5FA /* MyProductCKLib.framework */;
			productType = "com.apple.product-type.framework";
		};
/* End PBXNativeTarget section */

/* Begin PBXProject section */
		AA3A134F2CAC5A0100CF2744 /* Project object */ = {
			isa = PBXProject;
			attributes = {
				BuildIndependentTargetsInParallel = 1;
				LastSwiftUpdateCheck = 1600;
				LastUpgradeCheck = 1600;
				TargetAttributes = {
					AA3A13562CAC5A0100CF2744 = {
						CreatedOnToolsVersion = 16.0;
					};
					AADAF4A02CAC9DF8009B6744 = {
						CreatedOnToolsVersion = 16.0;
					};
					AAEB56D22CADF95F0095E5FA = {
						CreatedOnToolsVersion = 16.0;
					};
					AAEB56E62CADF9880095E5FA = {
						CreatedOnToolsVersion = 16.0;
					};
				};
			};
			buildConfigurationList = AA3A13522CAC5A0100CF2744 /* Build configuration list for PBXProject "MyProject" */;
			developmentRegion = en;
			hasScannedForEncodings = 0;
			knownRegions = (
				en,
				Base,
			);
			mainGroup = AA3A134E2CAC5A0100CF2744;
			minimizedProjectReferenceProxies = 1;
			packageReferences = (
			);
			preferredProjectObjectVersion = 77;
			productRefGroup = AA3A13582CAC5A0100CF2744 /* Products */;
			projectDirPath = "";
			projectRoot = "";
			targets = (
				AA3A13562CAC5A0100CF2744 /* MyProduct */,
				AADAF4A02CAC9DF8009B6744 /* MyProductLib */,
				AAEB56D22CADF95F0095E5FA /* MyProductCK */,
				AAEB56E62CADF9880095E5FA /* MyProductCKLib */,
			);
		};
/* End PBXProject section */

/* Begin PBXResourcesBuildPhase section */
		AA3A13552CAC5A0100CF2744 /* Resources */ = {
			isa = PBXResourcesBuildPhase;
			buildActionMask = 2147483647;
			files = (
			);
			runOnlyForDeploymentPostprocessing = 0;
		};
		AADAF49F2CAC9DF8009B6744 /* Resources */ = {
			isa = PBXResourcesBuildPhase;
			buildActionMask = 2147483647;
			files = (
			);
			runOnlyForDeploymentPostprocessing = 0;
		};
		AAEB56D12CADF95F0095E5FA /* Resources */ = {
			isa = PBXResourcesBuildPhase;
			buildActionMask = 2147483647;
			files = (
			);
			runOnlyForDeploymentPostprocessing = 0;
		};
		AAEB56E52CADF9880095E5FA /* Resources */ = {
			isa = PBXResourcesBuildPhase;
			buildActionMask = 2147483647;
			files = (
			);
			runOnlyForDeploymentPostprocessing = 0;
		};
/* End PBXResourcesBuildPhase section */

/* Begin PBXSourcesBuildPhase section */
		AA3A13532CAC5A0100CF2744 /* Sources */ = {
			isa = PBXSourcesBuildPhase;
			buildActionMask = 2147483647;
			files = (
			);
			runOnlyForDeploymentPostprocessing = 0;
		};
		AADAF49D2CAC9DF8009B6744 /* Sources */ = {
			isa = PBXSourcesBuildPhase;
			buildActionMask = 2147483647;
			files = (
			);
			runOnlyForDeploymentPostprocessing = 0;
		};
		AAEB56CF2CADF95F0095E5FA /* Sources */ = {
			isa = PBXSourcesBuildPhase;
			buildActionMask = 2147483647;
			files = (
			);
			runOnlyForDeploymentPostprocessing = 0;
		};
		AAEB56E32CADF9880095E5FA /* Sources */ = {
			isa = PBXSourcesBuildPhase;
			buildActionMask = 2147483647;
			files = (
			);
			runOnlyForDeploymentPostprocessing = 0;
		};
/* End PBXSourcesBuildPhase section */

/* Begin PBXTargetDependency section */
		AADAF4A62CAC9DF8009B6744 /* PBXTargetDependency */ = {
			isa = PBXTargetDependency;
			target = AADAF4A02CAC9DF8009B6744 /* MyProductLib */;
			targetProxy = AADAF4A52CAC9DF8009B6744 /* PBXContainerItemProxy */;
		};
		AAEB56FC2CADFB910095E5FA /* PBXTargetDependency */ = {
			isa = PBXTargetDependency;
			target = AAEB56E62CADF9880095E5FA /* MyProductCKLib */;
			targetProxy = AAEB56FB2CADFB910095E5FA /* PBXContainerItemProxy */;
		};
/* End PBXTargetDependency section */

/* Begin XCBuildConfiguration section */
		AA3A13642CAC5A0300CF2744 /* Debug */ = {
			isa = XCBuildConfiguration;
			buildSettings = {
				ALWAYS_SEARCH_USER_PATHS = NO;
				ASSETCATALOG_COMPILER_GENERATE_SWIFT_ASSET_SYMBOL_EXTENSIONS = YES;
				CLANG_ANALYZER_NONNULL = YES;
				CLANG_ANALYZER_NUMBER_OBJECT_CONVERSION = YES_AGGRESSIVE;
				CLANG_CXX_LANGUAGE_STANDARD = "gnu++20";
				CLANG_ENABLE_MODULES = YES;
				CLANG_ENABLE_OBJC_ARC = YES;
				CLANG_ENABLE_OBJC_WEAK = YES;
				CLANG_WARN_BLOCK_CAPTURE_AUTORELEASING = YES;
				CLANG_WARN_BOOL_CONVERSION = YES;
				CLANG_WARN_COMMA = YES;
				CLANG_WARN_CONSTANT_CONVERSION = YES;
				CLANG_WARN_DEPRECATED_OBJC_IMPLEMENTATIONS = YES;
				CLANG_WARN_DIRECT_OBJC_ISA_USAGE = YES_ERROR;
				CLANG_WARN_DOCUMENTATION_COMMENTS = YES;
				CLANG_WARN_EMPTY_BODY = YES;
				CLANG_WARN_ENUM_CONVERSION = YES;
				CLANG_WARN_INFINITE_RECURSION = YES;
				CLANG_WARN_INT_CONVERSION = YES;
				CLANG_WARN_NON_LITERAL_NULL_CONVERSION = YES;
				CLANG_WARN_OBJC_IMPLICIT_RETAIN_SELF = YES;
				CLANG_WARN_OBJC_LITERAL_CONVERSION = YES;
				CLANG_WARN_OBJC_ROOT_CLASS = YES_ERROR;
				CLANG_WARN_QUOTED_INCLUDE_IN_FRAMEWORK_HEADER = YES;
				CLANG_WARN_RANGE_LOOP_ANALYSIS = YES;
				CLANG_WARN_STRICT_PROTOTYPES = YES;
				CLANG_WARN_SUSPICIOUS_MOVE = YES;
				CLANG_WARN_UNGUARDED_AVAILABILITY = YES_AGGRESSIVE;
				CLANG_WARN_UNREACHABLE_CODE = YES;
				CLANG_WARN__DUPLICATE_METHOD_MATCH = YES;
				COPY_PHASE_STRIP = NO;
				DEBUG_INFORMATION_FORMAT = dwarf;
				ENABLE_STRICT_OBJC_MSGSEND = YES;
				ENABLE_TESTABILITY = YES;
				ENABLE_USER_SCRIPT_SANDBOXING = YES;
				GCC_C_LANGUAGE_STANDARD = gnu17;
				GCC_DYNAMIC_NO_PIC = NO;
				GCC_NO_COMMON_BLOCKS = YES;
				GCC_OPTIMIZATION_LEVEL = 0;
				GCC_PREPROCESSOR_DEFINITIONS = (
					"DEBUG=1",
					"$(inherited)",
				);
				GCC_WARN_64_TO_32_BIT_CONVERSION = YES;
				GCC_WARN_ABOUT_RETURN_TYPE = YES_ERROR;
				GCC_WARN_UNDECLARED_SELECTOR = YES;
				GCC_WARN_UNINITIALIZED_AUTOS = YES_AGGRESSIVE;
				GCC_WARN_UNUSED_FUNCTION = YES;
				GCC_WARN_UNUSED_VARIABLE = YES;
				LOCALIZATION_PREFERS_STRING_CATALOGS = YES;
				MACOSX_DEPLOYMENT_TARGET = 14.6;
				MTL_ENABLE_DEBUG_INFO = INCLUDE_SOURCE;
				MTL_FAST_MATH = YES;
				ONLY_ACTIVE_ARCH = YES;
				OTHER_SWIFT_FLAGS = "";
				SDKROOT = macosx;
				SWIFT_ACTIVE_COMPILATION_CONDITIONS = "DEBUG $(inherited)";
				SWIFT_OPTIMIZATION_LEVEL = "-Onone";
			};
			name = Debug;
		};
		AA3A13652CAC5A0300CF2744 /* Release */ = {
			isa = XCBuildConfiguration;
			buildSettings = {
				ALWAYS_SEARCH_USER_PATHS = NO;
				ASSETCATALOG_COMPILER_GENERATE_SWIFT_ASSET_SYMBOL_EXTENSIONS = YES;
				CLANG_ANALYZER_NONNULL = YES;
				CLANG_ANALYZER_NUMBER_OBJECT_CONVERSION = YES_AGGRESSIVE;
				CLANG_CXX_LANGUAGE_STANDARD = "gnu++20";
				CLANG_ENABLE_MODULES = YES;
				CLANG_ENABLE_OBJC_ARC = YES;
				CLANG_ENABLE_OBJC_WEAK = YES;
				CLANG_WARN_BLOCK_CAPTURE_AUTORELEASING = YES;
				CLANG_WARN_BOOL_CONVERSION = YES;
				CLANG_WARN_COMMA = YES;
				CLANG_WARN_CONSTANT_CONVERSION = YES;
				CLANG_WARN_DEPRECATED_OBJC_IMPLEMENTATIONS = YES;
				CLANG_WARN_DIRECT_OBJC_ISA_USAGE = YES_ERROR;
				CLANG_WARN_DOCUMENTATION_COMMENTS = YES;
				CLANG_WARN_EMPTY_BODY = YES;
				CLANG_WARN_ENUM_CONVERSION = YES;
				CLANG_WARN_INFINITE_RECURSION = YES;
				CLANG_WARN_INT_CONVERSION = YES;
				CLANG_WARN_NON_LITERAL_NULL_CONVERSION = YES;
				CLANG_WARN_OBJC_IMPLICIT_RETAIN_SELF = YES;
				CLANG_WARN_OBJC_LITERAL_CONVERSION = YES;
				CLANG_WARN_OBJC_ROOT_CLASS = YES_ERROR;
				CLANG_WARN_QUOTED_INCLUDE_IN_FRAMEWORK_HEADER = YES;
				CLANG_WARN_RANGE_LOOP_ANALYSIS = YES;
				CLANG_WARN_STRICT_PROTOTYPES = YES;
				CLANG_WARN_SUSPICIOUS_MOVE = YES;
				CLANG_WARN_UNGUARDED_AVAILABILITY = YES_AGGRESSIVE;
				CLANG_WARN_UNREACHABLE_CODE = YES;
				CLANG_WARN__DUPLICATE_METHOD_MATCH = YES;
				COPY_PHASE_STRIP = NO;
				DEBUG_INFORMATION_FORMAT = "dwarf-with-dsym";
				ENABLE_NS_ASSERTIONS = NO;
				ENABLE_STRICT_OBJC_MSGSEND = YES;
				ENABLE_USER_SCRIPT_SANDBOXING = YES;
				GCC_C_LANGUAGE_STANDARD = gnu17;
				GCC_NO_COMMON_BLOCKS = YES;
				GCC_WARN_64_TO_32_BIT_CONVERSION = YES;
				GCC_WARN_ABOUT_RETURN_TYPE = YES_ERROR;
				GCC_WARN_UNDECLARED_SELECTOR = YES;
				GCC_WARN_UNINITIALIZED_AUTOS = YES_AGGRESSIVE;
				GCC_WARN_UNUSED_FUNCTION = YES;
				GCC_WARN_UNUSED_VARIABLE = YES;
				LOCALIZATION_PREFERS_STRING_CATALOGS = YES;
				MACOSX_DEPLOYMENT_TARGET = 14.6;
				MTL_ENABLE_DEBUG_INFO = NO;
				MTL_FAST_MATH = YES;
				OTHER_SWIFT_FLAGS = "";
				SDKROOT = macosx;
				SWIFT_COMPILATION_MODE = wholemodule;
			};
			name = Release;
		};
		AA3A13672CAC5A0300CF2744 /* Debug */ = {
			isa = XCBuildConfiguration;
			buildSettings = {
				ASSETCATALOG_COMPILER_APPICON_NAME = AppIcon;
				ASSETCATALOG_COMPILER_GLOBAL_ACCENT_COLOR_NAME = AccentColor;
				CODE_SIGN_ENTITLEMENTS = MyProduct/MyProduct.entitlements;
				CODE_SIGN_STYLE = Automatic;
				COMBINE_HIDPI_IMAGES = YES;
				CURRENT_PROJECT_VERSION = 1;
				DEVELOPMENT_ASSET_PATHS = "\"MyProduct/Preview Content\"";
				DEVELOPMENT_TEAM = 7XXG4VJQ59;
				ENABLE_HARDENED_RUNTIME = YES;
				ENABLE_PREVIEWS = YES;
				GENERATE_INFOPLIST_FILE = YES;
				INFOPLIST_KEY_NSHumanReadableCopyright = "";
				LD_RUNPATH_SEARCH_PATHS = (
					"$(inherited)",
					"@executable_path/../Frameworks",
				);
				MARKETING_VERSION = 1.0;
				PRODUCT_BUNDLE_IDENTIFIER = com.stevengharris.MyProduct;
				PRODUCT_NAME = "$(TARGET_NAME)";
				SWIFT_EMIT_LOC_STRINGS = YES;
				SWIFT_VERSION = 5.0;
			};
			name = Debug;
		};
		AA3A13682CAC5A0300CF2744 /* Release */ = {
			isa = XCBuildConfiguration;
			buildSettings = {
				ASSETCATALOG_COMPILER_APPICON_NAME = AppIcon;
				ASSETCATALOG_COMPILER_GLOBAL_ACCENT_COLOR_NAME = AccentColor;
				CODE_SIGN_ENTITLEMENTS = MyProduct/MyProduct.entitlements;
				CODE_SIGN_STYLE = Automatic;
				COMBINE_HIDPI_IMAGES = YES;
				CURRENT_PROJECT_VERSION = 1;
				DEVELOPMENT_ASSET_PATHS = "\"MyProduct/Preview Content\"";
				DEVELOPMENT_TEAM = 7XXG4VJQ59;
				ENABLE_HARDENED_RUNTIME = YES;
				ENABLE_PREVIEWS = YES;
				GENERATE_INFOPLIST_FILE = YES;
				INFOPLIST_KEY_NSHumanReadableCopyright = "";
				LD_RUNPATH_SEARCH_PATHS = (
					"$(inherited)",
					"@executable_path/../Frameworks",
				);
				MARKETING_VERSION = 1.0;
				PRODUCT_BUNDLE_IDENTIFIER = com.stevengharris.MyProduct;
				PRODUCT_NAME = "$(TARGET_NAME)";
				SWIFT_EMIT_LOC_STRINGS = YES;
				SWIFT_VERSION = 5.0;
			};
			name = Release;
		};
		AADAF4A92CAC9DF8009B6744 /* Debug */ = {
			isa = XCBuildConfiguration;
			buildSettings = {
				BUILD_LIBRARY_FOR_DISTRIBUTION = YES;
				CODE_SIGN_STYLE = Automatic;
				COMBINE_HIDPI_IMAGES = YES;
				CURRENT_PROJECT_VERSION = 1;
				DEFINES_MODULE = YES;
				DEVELOPMENT_TEAM = 7XXG4VJQ59;
				DYLIB_COMPATIBILITY_VERSION = 1;
				DYLIB_CURRENT_VERSION = 1;
				DYLIB_INSTALL_NAME_BASE = "@rpath";
				ENABLE_MODULE_VERIFIER = YES;
				GENERATE_INFOPLIST_FILE = YES;
				INFOPLIST_KEY_NSHumanReadableCopyright = "";
				INSTALL_PATH = "$(LOCAL_LIBRARY_DIR)/Frameworks";
				LD_RUNPATH_SEARCH_PATHS = (
					"$(inherited)",
					"@executable_path/../Frameworks",
					"@loader_path/Frameworks",
				);
				LIBRARY_SEARCH_PATHS = "$(inherited)";
				MARKETING_VERSION = 1.0;
				MODULE_VERIFIER_SUPPORTED_LANGUAGES = "objective-c objective-c++";
				MODULE_VERIFIER_SUPPORTED_LANGUAGE_STANDARDS = "gnu17 gnu++20";
				PRODUCT_BUNDLE_IDENTIFIER = com.stevengharris.MyProductLib;
				PRODUCT_NAME = "$(TARGET_NAME:c99extidentifier)";
				SKIP_INSTALL = YES;
				SWIFT_EMIT_LOC_STRINGS = YES;
				SWIFT_INSTALL_OBJC_HEADER = NO;
				SWIFT_VERSION = 5.0;
				VERSIONING_SYSTEM = "apple-generic";
				VERSION_INFO_PREFIX = "";
			};
			name = Debug;
		};
		AADAF4AA2CAC9DF8009B6744 /* Release */ = {
			isa = XCBuildConfiguration;
			buildSettings = {
				BUILD_LIBRARY_FOR_DISTRIBUTION = YES;
				CODE_SIGN_STYLE = Automatic;
				COMBINE_HIDPI_IMAGES = YES;
				CURRENT_PROJECT_VERSION = 1;
				DEFINES_MODULE = YES;
				DEVELOPMENT_TEAM = 7XXG4VJQ59;
				DYLIB_COMPATIBILITY_VERSION = 1;
				DYLIB_CURRENT_VERSION = 1;
				DYLIB_INSTALL_NAME_BASE = "@rpath";
				ENABLE_MODULE_VERIFIER = YES;
				GENERATE_INFOPLIST_FILE = YES;
				INFOPLIST_KEY_NSHumanReadableCopyright = "";
				INSTALL_PATH = "$(LOCAL_LIBRARY_DIR)/Frameworks";
				LD_RUNPATH_SEARCH_PATHS = (
					"$(inherited)",
					"@executable_path/../Frameworks",
					"@loader_path/Frameworks",
				);
				LIBRARY_SEARCH_PATHS = "$(inherited)";
				MARKETING_VERSION = 1.0;
				MODULE_VERIFIER_SUPPORTED_LANGUAGES = "objective-c objective-c++";
				MODULE_VERIFIER_SUPPORTED_LANGUAGE_STANDARDS = "gnu17 gnu++20";
				PRODUCT_BUNDLE_IDENTIFIER = com.stevengharris.MyProductLib;
				PRODUCT_NAME = "$(TARGET_NAME:c99extidentifier)";
				SKIP_INSTALL = YES;
				SWIFT_EMIT_LOC_STRINGS = YES;
				SWIFT_INSTALL_OBJC_HEADER = NO;
				SWIFT_VERSION = 5.0;
				VERSIONING_SYSTEM = "apple-generic";
				VERSION_INFO_PREFIX = "";
			};
			name = Release;
		};
		AAEB56DF2CADF9610095E5FA /* Debug */ = {
			isa = XCBuildConfiguration;
			buildSettings = {
				ASSETCATALOG_COMPILER_APPICON_NAME = AppIcon;
				ASSETCATALOG_COMPILER_GLOBAL_ACCENT_COLOR_NAME = AccentColor;
				CODE_SIGN_ENTITLEMENTS = MyProductCK/MyProductCK.entitlements;
				CODE_SIGN_STYLE = Automatic;
				COMBINE_HIDPI_IMAGES = YES;
				CURRENT_PROJECT_VERSION = 1;
				DEVELOPMENT_ASSET_PATHS = "\"MyProductCK/Preview Content\"";
				DEVELOPMENT_TEAM = 7XXG4VJQ59;
				ENABLE_HARDENED_RUNTIME = YES;
				ENABLE_PREVIEWS = YES;
				GENERATE_INFOPLIST_FILE = YES;
				INFOPLIST_KEY_NSHumanReadableCopyright = "";
				LD_RUNPATH_SEARCH_PATHS = (
					"$(inherited)",
					"@executable_path/../Frameworks",
				);
				MARKETING_VERSION = 1.0;
				PRODUCT_BUNDLE_IDENTIFIER = com.stevengharris.MyProductCK;
				PRODUCT_NAME = "$(TARGET_NAME)";
				SWIFT_EMIT_LOC_STRINGS = YES;
				SWIFT_VERSION = 5.0;
			};
			name = Debug;
		};
		AAEB56E02CADF9610095E5FA /* Release */ = {
			isa = XCBuildConfiguration;
			buildSettings = {
				ASSETCATALOG_COMPILER_APPICON_NAME = AppIcon;
				ASSETCATALOG_COMPILER_GLOBAL_ACCENT_COLOR_NAME = AccentColor;
				CODE_SIGN_ENTITLEMENTS = MyProductCK/MyProductCK.entitlements;
				CODE_SIGN_STYLE = Automatic;
				COMBINE_HIDPI_IMAGES = YES;
				CURRENT_PROJECT_VERSION = 1;
				DEVELOPMENT_ASSET_PATHS = "\"MyProductCK/Preview Content\"";
				DEVELOPMENT_TEAM = 7XXG4VJQ59;
				ENABLE_HARDENED_RUNTIME = YES;
				ENABLE_PREVIEWS = YES;
				GENERATE_INFOPLIST_FILE = YES;
				INFOPLIST_KEY_NSHumanReadableCopyright = "";
				LD_RUNPATH_SEARCH_PATHS = (
					"$(inherited)",
					"@executable_path/../Frameworks",
				);
				MARKETING_VERSION = 1.0;
				PRODUCT_BUNDLE_IDENTIFIER = com.stevengharris.MyProductCK;
				PRODUCT_NAME = "$(TARGET_NAME)";
				SWIFT_EMIT_LOC_STRINGS = YES;
				SWIFT_VERSION = 5.0;
			};
			name = Release;
		};
		AAEB56F02CADF9880095E5FA /* Debug */ = {
			isa = XCBuildConfiguration;
			buildSettings = {
				BUILD_LIBRARY_FOR_DISTRIBUTION = YES;
				CODE_SIGN_STYLE = Automatic;
				COMBINE_HIDPI_IMAGES = YES;
				CURRENT_PROJECT_VERSION = 1;
				DEFINES_MODULE = YES;
				DEVELOPMENT_TEAM = 7XXG4VJQ59;
				DYLIB_COMPATIBILITY_VERSION = 1;
				DYLIB_CURRENT_VERSION = 1;
				DYLIB_INSTALL_NAME_BASE = "@rpath";
				ENABLE_MODULE_VERIFIER = YES;
				GENERATE_INFOPLIST_FILE = YES;
				INFOPLIST_KEY_NSHumanReadableCopyright = "";
				INSTALL_PATH = "$(LOCAL_LIBRARY_DIR)/Frameworks";
				LD_RUNPATH_SEARCH_PATHS = (
					"$(inherited)",
					"@executable_path/../Frameworks",
					"@loader_path/Frameworks",
				);
				MARKETING_VERSION = 1.0;
				MODULE_VERIFIER_SUPPORTED_LANGUAGES = "objective-c objective-c++";
				MODULE_VERIFIER_SUPPORTED_LANGUAGE_STANDARDS = "gnu17 gnu++20";
				PRODUCT_BUNDLE_IDENTIFIER = com.stevengharris.MyProductCKLib;
				PRODUCT_NAME = "$(TARGET_NAME:c99extidentifier)";
				SKIP_INSTALL = YES;
				SWIFT_EMIT_LOC_STRINGS = YES;
				SWIFT_INSTALL_OBJC_HEADER = NO;
				SWIFT_VERSION = 5.0;
				VERSIONING_SYSTEM = "apple-generic";
				VERSION_INFO_PREFIX = "";
			};
			name = Debug;
		};
		AAEB56F12CADF9880095E5FA /* Release */ = {
			isa = XCBuildConfiguration;
			buildSettings = {
				BUILD_LIBRARY_FOR_DISTRIBUTION = YES;
				CODE_SIGN_STYLE = Automatic;
				COMBINE_HIDPI_IMAGES = YES;
				CURRENT_PROJECT_VERSION = 1;
				DEFINES_MODULE = YES;
				DEVELOPMENT_TEAM = 7XXG4VJQ59;
				DYLIB_COMPATIBILITY_VERSION = 1;
				DYLIB_CURRENT_VERSION = 1;
				DYLIB_INSTALL_NAME_BASE = "@rpath";
				ENABLE_MODULE_VERIFIER = YES;
				GENERATE_INFOPLIST_FILE = YES;
				INFOPLIST_KEY_NSHumanReadableCopyright = "";
				INSTALL_PATH = "$(LOCAL_LIBRARY_DIR)/Frameworks";
				LD_RUNPATH_SEARCH_PATHS = (
					"$(inherited)",
					"@executable_path/../Frameworks",
					"@loader_path/Frameworks",
				);
				MARKETING_VERSION = 1.0;
				MODULE_VERIFIER_SUPPORTED_LANGUAGES = "objective-c objective-c++";
				MODULE_VERIFIER_SUPPORTED_LANGUAGE_STANDARDS = "gnu17 gnu++20";
				PRODUCT_BUNDLE_IDENTIFIER = com.stevengharris.MyProductCKLib;
				PRODUCT_NAME = "$(TARGET_NAME:c99extidentifier)";
				SKIP_INSTALL = YES;
				SWIFT_EMIT_LOC_STRINGS = YES;
				SWIFT_INSTALL_OBJC_HEADER = NO;
				SWIFT_VERSION = 5.0;
				VERSIONING_SYSTEM = "apple-generic";
				VERSION_INFO_PREFIX = "";
			};
			name = Release;
		};
/* End XCBuildConfiguration section */

/* Begin XCConfigurationList section */
		AA3A13522CAC5A0100CF2744 /* Build configuration list for PBXProject "MyProject" */ = {
			isa = XCConfigurationList;
			buildConfigurations = (
				AA3A13642CAC5A0300CF2744 /* Debug */,
				AA3A13652CAC5A0300CF2744 /* Release */,
			);
			defaultConfigurationIsVisible = 0;
			defaultConfigurationName = Release;
		};
		AA3A13662CAC5A0300CF2744 /* Build configuration list for PBXNativeTarget "MyProduct" */ = {
			isa = XCConfigurationList;
			buildConfigurations = (
				AA3A13672CAC5A0300CF2744 /* Debug */,
				AA3A13682CAC5A0300CF2744 /* Release */,
			);
			defaultConfigurationIsVisible = 0;
			defaultConfigurationName = Release;
		};
		AADAF4AC2CAC9DF8009B6744 /* Build configuration list for PBXNativeTarget "MyProductLib" */ = {
			isa = XCConfigurationList;
			buildConfigurations = (
				AADAF4A92CAC9DF8009B6744 /* Debug */,
				AADAF4AA2CAC9DF8009B6744 /* Release */,
			);
			defaultConfigurationIsVisible = 0;
			defaultConfigurationName = Release;
		};
		AAEB56E12CADF9610095E5FA /* Build configuration list for PBXNativeTarget "MyProductCK" */ = {
			isa = XCConfigurationList;
			buildConfigurations = (
				AAEB56DF2CADF9610095E5FA /* Debug */,
				AAEB56E02CADF9610095E5FA /* Release */,
			);
			defaultConfigurationIsVisible = 0;
			defaultConfigurationName = Release;
		};
		AAEB56EF2CADF9880095E5FA /* Build configuration list for PBXNativeTarget "MyProductCKLib" */ = {
			isa = XCConfigurationList;
			buildConfigurations = (
				AAEB56F02CADF9880095E5FA /* Debug */,
				AAEB56F12CADF9880095E5FA /* Release */,
			);
			defaultConfigurationIsVisible = 0;
			defaultConfigurationName = Release;
		};
/* End XCConfigurationList section */
	};
	rootObject = AA3A134F2CAC5A0100CF2744 /* Project object */;
}
